
Microsoft Visual Studio Solution File, Format Version 11.00
# Visual Studio 2010
Project("{FAE04EC0-301F-11D3-BF4B-00C04F79EFBC}") = "deprojectreferencer", "src\deprojectreferencer\deprojectreferencer.csproj", "{BE8334B8-102E-4B01-BA9C-A5357429C189}"
EndProject
Global
	GlobalSection(SolutionConfigurationPlatforms) = preSolution
		Debug|x86 = Debug|x86
		Release|x86 = Release|x86
	EndGlobalSection
	GlobalSection(ProjectConfigurationPlatforms) = postSolution
		{BE8334B8-102E-4B01-BA9C-A5357429C189}.Debug|x86.ActiveCfg = Debug|x86
		{BE8334B8-102E-4B01-BA9C-A5357429C189}.Debug|x86.Build.0 = Debug|x86
		{BE8334B8-102E-4B01-BA9C-A5357429C189}.Release|x86.ActiveCfg = Release|x86
		{BE8334B8-102E-4B01-BA9C-A5357429C189}.Release|x86.Build.0 = Release|x86
	EndGlobalSection
	GlobalSection(SolutionProperties) = preSolution
		HideSolutionNode = FALSE
	EndGlobalSection
EndGlobal
