
Microsoft Visual Studio Solution File, Format Version 11.00
# Visual Studio 2010
Project("{FAE04EC0-301F-11D3-BF4B-00C04F79EFBC}") = "ProjectManipulator", "src\ProjectManipulator\ProjectManipulator.csproj", "{BE8334B8-102E-4B01-BA9C-A5357429C189}"
EndProject
Project("{FAE04EC0-301F-11D3-BF4B-00C04F79EFBC}") = "ProjectManipulator.Unit.Tests", "src\ProjectManipulator.Unit.Tests\ProjectManipulator.Unit.Tests.csproj", "{D80ADCCA-83E8-420F-8D14-DEA2F20F11DC}"
EndProject
Project("{2150E333-8FDC-42A3-9474-1A3956D46DE8}") = "Solution Items", "Solution Items", "{89379178-E762-4FB5-A4D9-4CDFE9B7A22E}"
	ProjectSection(SolutionItems) = preProject
		.gitignore = .gitignore
	EndProjectSection
EndProject
Global
	GlobalSection(SolutionConfigurationPlatforms) = preSolution
		Debug|Any CPU = Debug|Any CPU
		Debug|Mixed Platforms = Debug|Mixed Platforms
		Debug|x86 = Debug|x86
		Release|Any CPU = Release|Any CPU
		Release|Mixed Platforms = Release|Mixed Platforms
		Release|x86 = Release|x86
	EndGlobalSection
	GlobalSection(ProjectConfigurationPlatforms) = postSolution
		{BE8334B8-102E-4B01-BA9C-A5357429C189}.Debug|Any CPU.ActiveCfg = Debug|x86
		{BE8334B8-102E-4B01-BA9C-A5357429C189}.Debug|Mixed Platforms.ActiveCfg = Debug|x86
		{BE8334B8-102E-4B01-BA9C-A5357429C189}.Debug|Mixed Platforms.Build.0 = Debug|x86
		{BE8334B8-102E-4B01-BA9C-A5357429C189}.Debug|x86.ActiveCfg = Debug|x86
		{BE8334B8-102E-4B01-BA9C-A5357429C189}.Debug|x86.Build.0 = Debug|x86
		{BE8334B8-102E-4B01-BA9C-A5357429C189}.Release|Any CPU.ActiveCfg = Release|x86
		{BE8334B8-102E-4B01-BA9C-A5357429C189}.Release|Mixed Platforms.ActiveCfg = Release|x86
		{BE8334B8-102E-4B01-BA9C-A5357429C189}.Release|Mixed Platforms.Build.0 = Release|x86
		{BE8334B8-102E-4B01-BA9C-A5357429C189}.Release|x86.ActiveCfg = Release|x86
		{BE8334B8-102E-4B01-BA9C-A5357429C189}.Release|x86.Build.0 = Release|x86
		{D80ADCCA-83E8-420F-8D14-DEA2F20F11DC}.Debug|Any CPU.ActiveCfg = Debug|Any CPU
		{D80ADCCA-83E8-420F-8D14-DEA2F20F11DC}.Debug|Any CPU.Build.0 = Debug|Any CPU
		{D80ADCCA-83E8-420F-8D14-DEA2F20F11DC}.Debug|Mixed Platforms.ActiveCfg = Debug|Any CPU
		{D80ADCCA-83E8-420F-8D14-DEA2F20F11DC}.Debug|Mixed Platforms.Build.0 = Debug|Any CPU
		{D80ADCCA-83E8-420F-8D14-DEA2F20F11DC}.Debug|x86.ActiveCfg = Debug|Any CPU
		{D80ADCCA-83E8-420F-8D14-DEA2F20F11DC}.Release|Any CPU.ActiveCfg = Release|Any CPU
		{D80ADCCA-83E8-420F-8D14-DEA2F20F11DC}.Release|Any CPU.Build.0 = Release|Any CPU
		{D80ADCCA-83E8-420F-8D14-DEA2F20F11DC}.Release|Mixed Platforms.ActiveCfg = Release|Any CPU
		{D80ADCCA-83E8-420F-8D14-DEA2F20F11DC}.Release|Mixed Platforms.Build.0 = Release|Any CPU
		{D80ADCCA-83E8-420F-8D14-DEA2F20F11DC}.Release|x86.ActiveCfg = Release|Any CPU
	EndGlobalSection
	GlobalSection(SolutionProperties) = preSolution
		HideSolutionNode = FALSE
	EndGlobalSection
EndGlobal
